{
  "name": "@nosto/shopify-hydrogen",
  "version": "2.1.0",
  "lockfileVersion": 2,
  "requires": true,
  "packages": {
    "": {
      "name": "@nosto/shopify-hydrogen",
      "version": "2.1.0",
      "license": "ISC",
      "dependencies": {
        "@nosto/nosto-react": "^0.4.0",
        "js-sha256": "^0.2.0"
      },
      "peerDependencies": {
        "@remix-run/react": "1.19.1",
        "@shopify/hydrogen": "^2023.4.5"
      }
    },
    "node_modules/@google/model-viewer": {
      "version": "1.12.1",
      "resolved": "https://registry.npmjs.org/@google/model-viewer/-/model-viewer-1.12.1.tgz",
      "integrity": "sha512-GOf/By81rbxSmwWRVxBtlY5b3050msJ+BDWqonPj7M0/I7rNS/vVNjbLxTofbGjZObS3n0ELHj8TZ47UtkZbtg==",
      "peer": true,
      "dependencies": {
        "lit": "^2.2.3",
        "three": "^0.139.2"
      },
      "engines": {
        "node": ">=6.0.0"
      }
    },
    "node_modules/@lit-labs/ssr-dom-shim": {
      "version": "1.1.1",
      "resolved": "https://registry.npmjs.org/@lit-labs/ssr-dom-shim/-/ssr-dom-shim-1.1.1.tgz",
      "integrity": "sha512-kXOeFbfCm4fFf2A3WwVEeQj55tMZa8c8/f9AKHMobQMkzNUfUj+antR3fRPaZJawsa1aZiP/Da3ndpZrwEe4rQ==",
      "peer": true
    },
    "node_modules/@lit/reactive-element": {
      "version": "1.6.3",
      "resolved": "https://registry.npmjs.org/@lit/reactive-element/-/reactive-element-1.6.3.tgz",
      "integrity": "sha512-QuTgnG52Poic7uM1AN5yJ09QMe0O28e10XzSvWDz02TJiiKee4stsiownEIadWm8nYzyDAyT+gKzUoZmiWQtsQ==",
      "peer": true,
      "dependencies": {
        "@lit-labs/ssr-dom-shim": "^1.0.0"
      }
    },
    "node_modules/@nosto/nosto-react": {
      "version": "0.4.1",
      "resolved": "https://registry.npmjs.org/@nosto/nosto-react/-/nosto-react-0.4.1.tgz",
      "integrity": "sha512-vNlOCf1IZDX2gNUz4vcGP040Leyazqw6jNSiqY2txiuB/jMnz9f3ruDEPAiY6gjx3uOaItZFsDPoXUbffGCDtg=="
    },
    "node_modules/@remix-run/react": {
      "version": "1.19.1",
      "resolved": "https://registry.npmjs.org/@remix-run/react/-/react-1.19.1.tgz",
      "integrity": "sha512-VrNkI4wt8K+7QKVll/lkNzWwmg2v7LHhUjCWpYhYtmYiyDitl0n6t7pWysWbp+EYwlRUHr4JgHtBgEekhkd7/w==",
      "peer": true,
      "dependencies": {
        "@remix-run/router": "1.7.2",
        "react-router-dom": "6.14.2"
      },
      "engines": {
        "node": ">=14.0.0"
      },
      "peerDependencies": {
        "react": ">=16.8.0",
        "react-dom": ">=16.8.0"
      }
    },
    "node_modules/@remix-run/router": {
      "version": "1.7.2",
      "resolved": "https://registry.npmjs.org/@remix-run/router/-/router-1.7.2.tgz",
      "integrity": "sha512-7Lcn7IqGMV+vizMPoEl5F0XDshcdDYtMI6uJLQdQz5CfZAwy3vvGKYSUk789qndt5dEC4HfSjviSYlSoHGL2+A==",
      "peer": true,
      "engines": {
        "node": ">=14"
      }
    },
    "node_modules/@remix-run/server-runtime": {
      "version": "1.19.1",
      "resolved": "https://registry.npmjs.org/@remix-run/server-runtime/-/server-runtime-1.19.1.tgz",
      "integrity": "sha512-sRTx/Ibl8HSLGhEr73YTZz3GzO5eZRCusfSJ8MBh1Kq0Mo571W9g4AJ/qJsF3G/wKTKxU2n75MVo0nIfTh4oZQ==",
      "peer": true,
      "dependencies": {
        "@remix-run/router": "1.7.2",
        "@types/cookie": "^0.4.1",
        "@web3-storage/multipart-parser": "^1.0.0",
        "cookie": "^0.4.1",
        "set-cookie-parser": "^2.4.8",
        "source-map": "^0.7.3"
      },
      "engines": {
        "node": ">=14.0.0"
      }
    },
    "node_modules/@shopify/hydrogen": {
      "version": "2023.7.2",
      "resolved": "https://registry.npmjs.org/@shopify/hydrogen/-/hydrogen-2023.7.2.tgz",
      "integrity": "sha512-18SEu+KR2jIpkUc0c7q7TUmS7KjHo9H63Et04r01bOeoYE2tphfsc2HXWXJdSsFORDovEPNLyO4KRNi1mSX8UA==",
      "peer": true,
      "dependencies": {
        "@shopify/hydrogen-react": "2023.7.1",
        "react": "^18.2.0"
      },
      "peerDependencies": {
        "@remix-run/react": "1.19.1",
        "@remix-run/server-runtime": "1.19.1"
      }
    },
    "node_modules/@shopify/hydrogen-react": {
      "version": "2023.7.1",
      "resolved": "https://registry.npmjs.org/@shopify/hydrogen-react/-/hydrogen-react-2023.7.1.tgz",
      "integrity": "sha512-cp5OO5+h1KYDH2E4Bh+P+863UmNg43TEm8FMJBhiU/tPPxVBuhkWkLBBgyiyA2+n2YAJZsStzvLFQvZgfDW9Tw==",
      "peer": true,
      "dependencies": {
        "@google/model-viewer": "^1.12.1",
        "@xstate/fsm": "^2.0.0",
        "@xstate/react": "^3.2.1",
        "graphql": "^16.6.0",
        "type-fest": "^3.6.0",
        "worktop": "^0.7.3"
      },
      "engines": {
        "node": ">=14"
      },
      "peerDependencies": {
        "react": "^18.0.0",
        "react-dom": "^18.0.0"
      }
    },
    "node_modules/@types/cookie": {
      "version": "0.4.1",
      "resolved": "https://registry.npmjs.org/@types/cookie/-/cookie-0.4.1.tgz",
      "integrity": "sha512-XW/Aa8APYr6jSVVA1y/DEIZX0/GMKLEVekNG727R8cs56ahETkRAy/3DR7+fJyh7oUgGwNQaRfXCun0+KbWY7Q==",
      "peer": true
    },
    "node_modules/@types/trusted-types": {
      "version": "2.0.3",
      "resolved": "https://registry.npmjs.org/@types/trusted-types/-/trusted-types-2.0.3.tgz",
      "integrity": "sha512-NfQ4gyz38SL8sDNrSixxU2Os1a5xcdFxipAFxYEuLUlvU2uDwS4NUpsImcf1//SlWItCVMMLiylsxbmNMToV/g==",
      "peer": true
    },
    "node_modules/@web3-storage/multipart-parser": {
      "version": "1.0.0",
      "resolved": "https://registry.npmjs.org/@web3-storage/multipart-parser/-/multipart-parser-1.0.0.tgz",
      "integrity": "sha512-BEO6al7BYqcnfX15W2cnGR+Q566ACXAT9UQykORCWW80lmkpWsnEob6zJS1ZVBKsSJC8+7vJkHwlp+lXG1UCdw==",
      "peer": true
    },
    "node_modules/@xstate/fsm": {
      "version": "2.1.0",
      "resolved": "https://registry.npmjs.org/@xstate/fsm/-/fsm-2.1.0.tgz",
      "integrity": "sha512-oJlc0iD0qZvAM7If/KlyJyqUt7wVI8ocpsnlWzAPl97evguPbd+oJbRM9R4A1vYJffYH96+Bx44nLDE6qS8jQg==",
      "peer": true
    },
    "node_modules/@xstate/react": {
      "version": "3.2.2",
      "resolved": "https://registry.npmjs.org/@xstate/react/-/react-3.2.2.tgz",
      "integrity": "sha512-feghXWLedyq8JeL13yda3XnHPZKwYDN5HPBLykpLeuNpr9178tQd2/3d0NrH6gSd0sG5mLuLeuD+ck830fgzLQ==",
      "peer": true,
      "dependencies": {
        "use-isomorphic-layout-effect": "^1.1.2",
        "use-sync-external-store": "^1.0.0"
      },
      "peerDependencies": {
        "@xstate/fsm": "^2.0.0",
        "react": "^16.8.0 || ^17.0.0 || ^18.0.0",
        "xstate": "^4.37.2"
      },
      "peerDependenciesMeta": {
        "@xstate/fsm": {
          "optional": true
        },
        "xstate": {
          "optional": true
        }
      }
    },
    "node_modules/cookie": {
      "version": "0.4.2",
      "resolved": "https://registry.npmjs.org/cookie/-/cookie-0.4.2.tgz",
      "integrity": "sha512-aSWTXFzaKWkvHO1Ny/s+ePFpvKsPnjc551iI41v3ny/ow6tBG5Vd+FuqGNhh1LxOmVzOlGUriIlOaokOvhaStA==",
      "peer": true,
      "engines": {
        "node": ">= 0.6"
      }
    },
    "node_modules/graphql": {
      "version": "16.8.0",
      "resolved": "https://registry.npmjs.org/graphql/-/graphql-16.8.0.tgz",
      "integrity": "sha512-0oKGaR+y3qcS5mCu1vb7KG+a89vjn06C7Ihq/dDl3jA+A8B3TKomvi3CiEcVLJQGalbu8F52LxkOym7U5sSfbg==",
      "peer": true,
      "engines": {
        "node": "^12.22.0 || ^14.16.0 || ^16.0.0 || >=17.0.0"
      }
    },
    "node_modules/js-sha256": {
      "version": "0.2.3",
      "resolved": "https://registry.npmjs.org/js-sha256/-/js-sha256-0.2.3.tgz",
      "integrity": "sha512-QZgK5gMtVdatXbdzGVcJhmiPwwyRtGDBeIEZ1ZUpao4ev6Hhvgucp0jjqgb9ncgiiNaqvIGX7TW4952aoLkHbA=="
    },
    "node_modules/js-tokens": {
      "version": "4.0.0",
      "resolved": "https://registry.npmjs.org/js-tokens/-/js-tokens-4.0.0.tgz",
      "integrity": "sha512-RdJUflcE3cUzKiMqQgsCu06FPu9UdIJO0beYbPhHN4k6apgJtifcoCtT9bcxOpYBtpD2kCM6Sbzg4CausW/PKQ==",
      "peer": true
    },
    "node_modules/lit": {
      "version": "2.8.0",
      "resolved": "https://registry.npmjs.org/lit/-/lit-2.8.0.tgz",
      "integrity": "sha512-4Sc3OFX9QHOJaHbmTMk28SYgVxLN3ePDjg7hofEft2zWlehFL3LiAuapWc4U/kYwMYJSh2hTCPZ6/LIC7ii0MA==",
      "peer": true,
      "dependencies": {
        "@lit/reactive-element": "^1.6.0",
        "lit-element": "^3.3.0",
        "lit-html": "^2.8.0"
      }
    },
    "node_modules/lit-element": {
      "version": "3.3.3",
      "resolved": "https://registry.npmjs.org/lit-element/-/lit-element-3.3.3.tgz",
      "integrity": "sha512-XbeRxmTHubXENkV4h8RIPyr8lXc+Ff28rkcQzw3G6up2xg5E8Zu1IgOWIwBLEQsu3cOVFqdYwiVi0hv0SlpqUA==",
      "peer": true,
      "dependencies": {
        "@lit-labs/ssr-dom-shim": "^1.1.0",
        "@lit/reactive-element": "^1.3.0",
        "lit-html": "^2.8.0"
      }
    },
    "node_modules/lit-html": {
      "version": "2.8.0",
      "resolved": "https://registry.npmjs.org/lit-html/-/lit-html-2.8.0.tgz",
      "integrity": "sha512-o9t+MQM3P4y7M7yNzqAyjp7z+mQGa4NS4CxiyLqFPyFWyc4O+nodLrkrxSaCTrla6M5YOLaT3RpbbqjszB5g3Q==",
      "peer": true,
      "dependencies": {
        "@types/trusted-types": "^2.0.2"
      }
    },
    "node_modules/loose-envify": {
      "version": "1.4.0",
      "resolved": "https://registry.npmjs.org/loose-envify/-/loose-envify-1.4.0.tgz",
      "integrity": "sha512-lyuxPGr/Wfhrlem2CL/UcnUc1zcqKAImBDzukY7Y5F/yQiNdko6+fRLevlw1HgMySw7f611UIY408EtxRSoK3Q==",
      "peer": true,
      "dependencies": {
        "js-tokens": "^3.0.0 || ^4.0.0"
      },
      "bin": {
        "loose-envify": "cli.js"
      }
    },
    "node_modules/react": {
      "version": "18.2.0",
      "resolved": "https://registry.npmjs.org/react/-/react-18.2.0.tgz",
      "integrity": "sha512-/3IjMdb2L9QbBdWiW5e3P2/npwMBaU9mHCSCUzNln0ZCYbcfTsGbTJrU/kGemdH2IWmB2ioZ+zkxtmq6g09fGQ==",
      "peer": true,
      "dependencies": {
        "loose-envify": "^1.1.0"
      },
      "engines": {
        "node": ">=0.10.0"
      }
    },
    "node_modules/react-dom": {
      "version": "18.2.0",
      "resolved": "https://registry.npmjs.org/react-dom/-/react-dom-18.2.0.tgz",
      "integrity": "sha512-6IMTriUmvsjHUjNtEDudZfuDQUoWXVxKHhlEGSk81n4YFS+r/Kl99wXiwlVXtPBtJenozv2P+hxDsw9eA7Xo6g==",
      "peer": true,
      "dependencies": {
        "loose-envify": "^1.1.0",
        "scheduler": "^0.23.0"
      },
      "peerDependencies": {
        "react": "^18.2.0"
      }
    },
    "node_modules/react-router": {
      "version": "6.14.2",
      "resolved": "https://registry.npmjs.org/react-router/-/react-router-6.14.2.tgz",
      "integrity": "sha512-09Zss2dE2z+T1D03IheqAFtK4UzQyX8nFPWx6jkwdYzGLXd5ie06A6ezS2fO6zJfEb/SpG6UocN2O1hfD+2urQ==",
      "peer": true,
      "dependencies": {
        "@remix-run/router": "1.7.2"
      },
      "engines": {
        "node": ">=14"
      },
      "peerDependencies": {
        "react": ">=16.8"
      }
    },
    "node_modules/react-router-dom": {
      "version": "6.14.2",
      "resolved": "https://registry.npmjs.org/react-router-dom/-/react-router-dom-6.14.2.tgz",
      "integrity": "sha512-5pWX0jdKR48XFZBuJqHosX3AAHjRAzygouMTyimnBPOLdY3WjzUSKhus2FVMihUFWzeLebDgr4r8UeQFAct7Bg==",
      "peer": true,
      "dependencies": {
        "@remix-run/router": "1.7.2",
        "react-router": "6.14.2"
      },
      "engines": {
        "node": ">=14"
      },
      "peerDependencies": {
        "react": ">=16.8",
        "react-dom": ">=16.8"
      }
    },
    "node_modules/regexparam": {
      "version": "2.0.1",
      "resolved": "https://registry.npmjs.org/regexparam/-/regexparam-2.0.1.tgz",
      "integrity": "sha512-zRgSaYemnNYxUv+/5SeoHI0eJIgTL/A2pUtXUPLHQxUldagouJ9p+K6IbIZ/JiQuCEv2E2B1O11SjVQy3aMCkw==",
      "peer": true,
      "engines": {
        "node": ">=8"
      }
    },
    "node_modules/scheduler": {
      "version": "0.23.0",
      "resolved": "https://registry.npmjs.org/scheduler/-/scheduler-0.23.0.tgz",
      "integrity": "sha512-CtuThmgHNg7zIZWAXi3AsyIzA3n4xx7aNyjwC2VJldO2LMVDhFK+63xGqq6CsJH4rTAt6/M+N4GhZiDYPx9eUw==",
      "peer": true,
      "dependencies": {
        "loose-envify": "^1.1.0"
      }
    },
    "node_modules/set-cookie-parser": {
      "version": "2.6.0",
      "resolved": "https://registry.npmjs.org/set-cookie-parser/-/set-cookie-parser-2.6.0.tgz",
      "integrity": "sha512-RVnVQxTXuerk653XfuliOxBP81Sf0+qfQE73LIYKcyMYHG94AuH0kgrQpRDuTZnSmjpysHmzxJXKNfa6PjFhyQ==",
      "peer": true
    },
    "node_modules/source-map": {
      "version": "0.7.4",
      "resolved": "https://registry.npmjs.org/source-map/-/source-map-0.7.4.tgz",
      "integrity": "sha512-l3BikUxvPOcn5E74dZiq5BGsTb5yEwhaTSzccU6t4sDOH8NWJCstKO5QT2CvtFoK6F0saL7p9xHAqHOlCPJygA==",
      "peer": true,
      "engines": {
        "node": ">= 8"
      }
    },
    "node_modules/three": {
      "version": "0.139.2",
      "resolved": "https://registry.npmjs.org/three/-/three-0.139.2.tgz",
      "integrity": "sha512-gV7q7QY8rogu7HLFZR9cWnOQAUedUhu2WXAnpr2kdXZP9YDKsG/0ychwQvWkZN5PlNw9mv5MoCTin6zNTXoONg==",
      "peer": true
    },
    "node_modules/type-fest": {
      "version": "3.13.1",
      "resolved": "https://registry.npmjs.org/type-fest/-/type-fest-3.13.1.tgz",
      "integrity": "sha512-tLq3bSNx+xSpwvAJnzrK0Ep5CLNWjvFTOp71URMaAEWBfRb9nnJiBoUe0tF8bI4ZFO3omgBR6NvnbzVUT3Ly4g==",
      "peer": true,
      "engines": {
        "node": ">=14.16"
      },
      "funding": {
        "url": "https://github.com/sponsors/sindresorhus"
      }
    },
    "node_modules/use-isomorphic-layout-effect": {
      "version": "1.1.2",
      "resolved": "https://registry.npmjs.org/use-isomorphic-layout-effect/-/use-isomorphic-layout-effect-1.1.2.tgz",
      "integrity": "sha512-49L8yCO3iGT/ZF9QttjwLF/ZD9Iwto5LnH5LmEdk/6cFmXddqi2ulF0edxTwjj+7mqvpVVGQWvbXZdn32wRSHA==",
      "peer": true,
      "peerDependencies": {
        "react": "^16.8.0 || ^17.0.0 || ^18.0.0"
      },
      "peerDependenciesMeta": {
        "@types/react": {
          "optional": true
        }
      }
    },
    "node_modules/use-sync-external-store": {
      "version": "1.2.0",
      "resolved": "https://registry.npmjs.org/use-sync-external-store/-/use-sync-external-store-1.2.0.tgz",
      "integrity": "sha512-eEgnFxGQ1Ife9bzYs6VLi8/4X6CObHMw9Qr9tPY43iKwsPw8xE8+EFsf/2cFZ5S3esXgpWgtSCtLNS41F+sKPA==",
      "peer": true,
      "peerDependencies": {
        "react": "^16.8.0 || ^17.0.0 || ^18.0.0"
      }
    },
    "node_modules/worktop": {
      "version": "0.7.3",
      "resolved": "https://registry.npmjs.org/worktop/-/worktop-0.7.3.tgz",
      "integrity": "sha512-WBHP1hk8pLP7ahAw13fugDWcO0SUAOiCD6DHT/bfLWoCIA/PL9u7GKdudT2nGZ8EGR1APbGCAI6ZzKG1+X+PnQ==",
      "peer": true,
      "dependencies": {
        "regexparam": "^2.0.0"
      },
      "engines": {
        "node": ">=12"
      }
    }
  },
  "dependencies": {
    "@google/model-viewer": {
      "version": "1.12.1",
      "resolved": "https://registry.npmjs.org/@google/model-viewer/-/model-viewer-1.12.1.tgz",
      "integrity": "sha512-GOf/By81rbxSmwWRVxBtlY5b3050msJ+BDWqonPj7M0/I7rNS/vVNjbLxTofbGjZObS3n0ELHj8TZ47UtkZbtg==",
      "peer": true,
      "requires": {
        "lit": "^2.2.3",
        "three": "^0.139.2"
      }
    },
    "@lit-labs/ssr-dom-shim": {
      "version": "1.1.1",
      "resolved": "https://registry.npmjs.org/@lit-labs/ssr-dom-shim/-/ssr-dom-shim-1.1.1.tgz",
      "integrity": "sha512-kXOeFbfCm4fFf2A3WwVEeQj55tMZa8c8/f9AKHMobQMkzNUfUj+antR3fRPaZJawsa1aZiP/Da3ndpZrwEe4rQ==",
      "peer": true
    },
    "@lit/reactive-element": {
      "version": "1.6.3",
      "resolved": "https://registry.npmjs.org/@lit/reactive-element/-/reactive-element-1.6.3.tgz",
      "integrity": "sha512-QuTgnG52Poic7uM1AN5yJ09QMe0O28e10XzSvWDz02TJiiKee4stsiownEIadWm8nYzyDAyT+gKzUoZmiWQtsQ==",
      "peer": true,
      "requires": {
        "@lit-labs/ssr-dom-shim": "^1.0.0"
      }
    },
    "@nosto/nosto-react": {
      "version": "0.4.1",
      "resolved": "https://registry.npmjs.org/@nosto/nosto-react/-/nosto-react-0.4.1.tgz",
      "integrity": "sha512-vNlOCf1IZDX2gNUz4vcGP040Leyazqw6jNSiqY2txiuB/jMnz9f3ruDEPAiY6gjx3uOaItZFsDPoXUbffGCDtg=="
    },
    "@remix-run/react": {
      "version": "1.19.1",
      "resolved": "https://registry.npmjs.org/@remix-run/react/-/react-1.19.1.tgz",
      "integrity": "sha512-VrNkI4wt8K+7QKVll/lkNzWwmg2v7LHhUjCWpYhYtmYiyDitl0n6t7pWysWbp+EYwlRUHr4JgHtBgEekhkd7/w==",
      "peer": true,
      "requires": {
        "@remix-run/router": "1.7.2",
        "react-router-dom": "6.14.2"
      }
    },
    "@remix-run/router": {
      "version": "1.7.2",
      "resolved": "https://registry.npmjs.org/@remix-run/router/-/router-1.7.2.tgz",
      "integrity": "sha512-7Lcn7IqGMV+vizMPoEl5F0XDshcdDYtMI6uJLQdQz5CfZAwy3vvGKYSUk789qndt5dEC4HfSjviSYlSoHGL2+A==",
      "peer": true
    },
    "@remix-run/server-runtime": {
      "version": "1.19.1",
      "resolved": "https://registry.npmjs.org/@remix-run/server-runtime/-/server-runtime-1.19.1.tgz",
      "integrity": "sha512-sRTx/Ibl8HSLGhEr73YTZz3GzO5eZRCusfSJ8MBh1Kq0Mo571W9g4AJ/qJsF3G/wKTKxU2n75MVo0nIfTh4oZQ==",
      "peer": true,
      "requires": {
        "@remix-run/router": "1.7.2",
        "@types/cookie": "^0.4.1",
        "@web3-storage/multipart-parser": "^1.0.0",
        "cookie": "^0.4.1",
        "set-cookie-parser": "^2.4.8",
        "source-map": "^0.7.3"
      }
    },
    "@shopify/hydrogen": {
      "version": "2023.7.2",
      "resolved": "https://registry.npmjs.org/@shopify/hydrogen/-/hydrogen-2023.7.2.tgz",
      "integrity": "sha512-18SEu+KR2jIpkUc0c7q7TUmS7KjHo9H63Et04r01bOeoYE2tphfsc2HXWXJdSsFORDovEPNLyO4KRNi1mSX8UA==",
      "peer": true,
      "requires": {
        "@shopify/hydrogen-react": "2023.7.1",
        "react": "^18.2.0"
      }
    },
    "@shopify/hydrogen-react": {
      "version": "2023.7.1",
      "resolved": "https://registry.npmjs.org/@shopify/hydrogen-react/-/hydrogen-react-2023.7.1.tgz",
      "integrity": "sha512-cp5OO5+h1KYDH2E4Bh+P+863UmNg43TEm8FMJBhiU/tPPxVBuhkWkLBBgyiyA2+n2YAJZsStzvLFQvZgfDW9Tw==",
      "peer": true,
      "requires": {
        "@google/model-viewer": "^1.12.1",
        "@xstate/fsm": "^2.0.0",
        "@xstate/react": "^3.2.1",
        "graphql": "^16.6.0",
        "type-fest": "^3.6.0",
        "worktop": "^0.7.3"
      }
    },
    "@types/cookie": {
      "version": "0.4.1",
      "resolved": "https://registry.npmjs.org/@types/cookie/-/cookie-0.4.1.tgz",
      "integrity": "sha512-XW/Aa8APYr6jSVVA1y/DEIZX0/GMKLEVekNG727R8cs56ahETkRAy/3DR7+fJyh7oUgGwNQaRfXCun0+KbWY7Q==",
      "peer": true
    },
    "@types/trusted-types": {
      "version": "2.0.3",
      "resolved": "https://registry.npmjs.org/@types/trusted-types/-/trusted-types-2.0.3.tgz",
      "integrity": "sha512-NfQ4gyz38SL8sDNrSixxU2Os1a5xcdFxipAFxYEuLUlvU2uDwS4NUpsImcf1//SlWItCVMMLiylsxbmNMToV/g==",
      "peer": true
    },
    "@web3-storage/multipart-parser": {
      "version": "1.0.0",
      "resolved": "https://registry.npmjs.org/@web3-storage/multipart-parser/-/multipart-parser-1.0.0.tgz",
      "integrity": "sha512-BEO6al7BYqcnfX15W2cnGR+Q566ACXAT9UQykORCWW80lmkpWsnEob6zJS1ZVBKsSJC8+7vJkHwlp+lXG1UCdw==",
      "peer": true
    },
    "@xstate/fsm": {
      "version": "2.1.0",
      "resolved": "https://registry.npmjs.org/@xstate/fsm/-/fsm-2.1.0.tgz",
      "integrity": "sha512-oJlc0iD0qZvAM7If/KlyJyqUt7wVI8ocpsnlWzAPl97evguPbd+oJbRM9R4A1vYJffYH96+Bx44nLDE6qS8jQg==",
      "peer": true
    },
    "@xstate/react": {
      "version": "3.2.2",
      "resolved": "https://registry.npmjs.org/@xstate/react/-/react-3.2.2.tgz",
      "integrity": "sha512-feghXWLedyq8JeL13yda3XnHPZKwYDN5HPBLykpLeuNpr9178tQd2/3d0NrH6gSd0sG5mLuLeuD+ck830fgzLQ==",
      "peer": true,
      "requires": {
        "use-isomorphic-layout-effect": "^1.1.2",
        "use-sync-external-store": "^1.0.0"
      }
    },
    "cookie": {
      "version": "0.4.2",
      "resolved": "https://registry.npmjs.org/cookie/-/cookie-0.4.2.tgz",
      "integrity": "sha512-aSWTXFzaKWkvHO1Ny/s+ePFpvKsPnjc551iI41v3ny/ow6tBG5Vd+FuqGNhh1LxOmVzOlGUriIlOaokOvhaStA==",
      "peer": true
    },
    "graphql": {
      "version": "16.8.0",
      "resolved": "https://registry.npmjs.org/graphql/-/graphql-16.8.0.tgz",
      "integrity": "sha512-0oKGaR+y3qcS5mCu1vb7KG+a89vjn06C7Ihq/dDl3jA+A8B3TKomvi3CiEcVLJQGalbu8F52LxkOym7U5sSfbg==",
      "peer": true
    },
    "js-sha256": {
      "version": "0.2.3",
      "resolved": "https://registry.npmjs.org/js-sha256/-/js-sha256-0.2.3.tgz",
      "integrity": "sha512-QZgK5gMtVdatXbdzGVcJhmiPwwyRtGDBeIEZ1ZUpao4ev6Hhvgucp0jjqgb9ncgiiNaqvIGX7TW4952aoLkHbA=="
    },
    "js-tokens": {
      "version": "4.0.0",
      "resolved": "https://registry.npmjs.org/js-tokens/-/js-tokens-4.0.0.tgz",
      "integrity": "sha512-RdJUflcE3cUzKiMqQgsCu06FPu9UdIJO0beYbPhHN4k6apgJtifcoCtT9bcxOpYBtpD2kCM6Sbzg4CausW/PKQ==",
      "peer": true
    },
    "lit": {
      "version": "2.8.0",
      "resolved": "https://registry.npmjs.org/lit/-/lit-2.8.0.tgz",
      "integrity": "sha512-4Sc3OFX9QHOJaHbmTMk28SYgVxLN3ePDjg7hofEft2zWlehFL3LiAuapWc4U/kYwMYJSh2hTCPZ6/LIC7ii0MA==",
      "peer": true,
      "requires": {
        "@lit/reactive-element": "^1.6.0",
        "lit-element": "^3.3.0",
        "lit-html": "^2.8.0"
      }
    },
    "lit-element": {
      "version": "3.3.3",
      "resolved": "https://registry.npmjs.org/lit-element/-/lit-element-3.3.3.tgz",
      "integrity": "sha512-XbeRxmTHubXENkV4h8RIPyr8lXc+Ff28rkcQzw3G6up2xg5E8Zu1IgOWIwBLEQsu3cOVFqdYwiVi0hv0SlpqUA==",
      "peer": true,
      "requires": {
        "@lit-labs/ssr-dom-shim": "^1.1.0",
        "@lit/reactive-element": "^1.3.0",
        "lit-html": "^2.8.0"
      }
    },
    "lit-html": {
      "version": "2.8.0",
      "resolved": "https://registry.npmjs.org/lit-html/-/lit-html-2.8.0.tgz",
      "integrity": "sha512-o9t+MQM3P4y7M7yNzqAyjp7z+mQGa4NS4CxiyLqFPyFWyc4O+nodLrkrxSaCTrla6M5YOLaT3RpbbqjszB5g3Q==",
      "peer": true,
      "requires": {
        "@types/trusted-types": "^2.0.2"
      }
    },
    "loose-envify": {
      "version": "1.4.0",
      "resolved": "https://registry.npmjs.org/loose-envify/-/loose-envify-1.4.0.tgz",
      "integrity": "sha512-lyuxPGr/Wfhrlem2CL/UcnUc1zcqKAImBDzukY7Y5F/yQiNdko6+fRLevlw1HgMySw7f611UIY408EtxRSoK3Q==",
      "peer": true,
      "requires": {
        "js-tokens": "^3.0.0 || ^4.0.0"
      }
    },
    "react": {
      "version": "18.2.0",
      "resolved": "https://registry.npmjs.org/react/-/react-18.2.0.tgz",
      "integrity": "sha512-/3IjMdb2L9QbBdWiW5e3P2/npwMBaU9mHCSCUzNln0ZCYbcfTsGbTJrU/kGemdH2IWmB2ioZ+zkxtmq6g09fGQ==",
      "peer": true,
      "requires": {
        "loose-envify": "^1.1.0"
      }
    },
    "react-dom": {
      "version": "18.2.0",
      "resolved": "https://registry.npmjs.org/react-dom/-/react-dom-18.2.0.tgz",
      "integrity": "sha512-6IMTriUmvsjHUjNtEDudZfuDQUoWXVxKHhlEGSk81n4YFS+r/Kl99wXiwlVXtPBtJenozv2P+hxDsw9eA7Xo6g==",
      "peer": true,
      "requires": {
        "loose-envify": "^1.1.0",
        "scheduler": "^0.23.0"
      }
    },
    "react-router": {
      "version": "6.14.2",
      "resolved": "https://registry.npmjs.org/react-router/-/react-router-6.14.2.tgz",
      "integrity": "sha512-09Zss2dE2z+T1D03IheqAFtK4UzQyX8nFPWx6jkwdYzGLXd5ie06A6ezS2fO6zJfEb/SpG6UocN2O1hfD+2urQ==",
      "peer": true,
      "requires": {
        "@remix-run/router": "1.7.2"
      }
    },
    "react-router-dom": {
      "version": "6.14.2",
      "resolved": "https://registry.npmjs.org/react-router-dom/-/react-router-dom-6.14.2.tgz",
      "integrity": "sha512-5pWX0jdKR48XFZBuJqHosX3AAHjRAzygouMTyimnBPOLdY3WjzUSKhus2FVMihUFWzeLebDgr4r8UeQFAct7Bg==",
      "peer": true,
      "requires": {
        "@remix-run/router": "1.7.2",
        "react-router": "6.14.2"
      }
    },
    "regexparam": {
      "version": "2.0.1",
      "resolved": "https://registry.npmjs.org/regexparam/-/regexparam-2.0.1.tgz",
      "integrity": "sha512-zRgSaYemnNYxUv+/5SeoHI0eJIgTL/A2pUtXUPLHQxUldagouJ9p+K6IbIZ/JiQuCEv2E2B1O11SjVQy3aMCkw==",
      "peer": true
    },
    "scheduler": {
      "version": "0.23.0",
      "resolved": "https://registry.npmjs.org/scheduler/-/scheduler-0.23.0.tgz",
      "integrity": "sha512-CtuThmgHNg7zIZWAXi3AsyIzA3n4xx7aNyjwC2VJldO2LMVDhFK+63xGqq6CsJH4rTAt6/M+N4GhZiDYPx9eUw==",
      "peer": true,
      "requires": {
        "loose-envify": "^1.1.0"
      }
    },
    "set-cookie-parser": {
      "version": "2.6.0",
      "resolved": "https://registry.npmjs.org/set-cookie-parser/-/set-cookie-parser-2.6.0.tgz",
      "integrity": "sha512-RVnVQxTXuerk653XfuliOxBP81Sf0+qfQE73LIYKcyMYHG94AuH0kgrQpRDuTZnSmjpysHmzxJXKNfa6PjFhyQ==",
      "peer": true
    },
    "source-map": {
      "version": "0.7.4",
      "resolved": "https://registry.npmjs.org/source-map/-/source-map-0.7.4.tgz",
      "integrity": "sha512-l3BikUxvPOcn5E74dZiq5BGsTb5yEwhaTSzccU6t4sDOH8NWJCstKO5QT2CvtFoK6F0saL7p9xHAqHOlCPJygA==",
      "peer": true
    },
    "three": {
      "version": "0.139.2",
      "resolved": "https://registry.npmjs.org/three/-/three-0.139.2.tgz",
      "integrity": "sha512-gV7q7QY8rogu7HLFZR9cWnOQAUedUhu2WXAnpr2kdXZP9YDKsG/0ychwQvWkZN5PlNw9mv5MoCTin6zNTXoONg==",
      "peer": true
    },
    "type-fest": {
      "version": "3.13.1",
      "resolved": "https://registry.npmjs.org/type-fest/-/type-fest-3.13.1.tgz",
      "integrity": "sha512-tLq3bSNx+xSpwvAJnzrK0Ep5CLNWjvFTOp71URMaAEWBfRb9nnJiBoUe0tF8bI4ZFO3omgBR6NvnbzVUT3Ly4g==",
      "peer": true
    },
    "use-isomorphic-layout-effect": {
      "version": "1.1.2",
      "resolved": "https://registry.npmjs.org/use-isomorphic-layout-effect/-/use-isomorphic-layout-effect-1.1.2.tgz",
      "integrity": "sha512-49L8yCO3iGT/ZF9QttjwLF/ZD9Iwto5LnH5LmEdk/6cFmXddqi2ulF0edxTwjj+7mqvpVVGQWvbXZdn32wRSHA==",
      "peer": true,
      "requires": {}
    },
    "use-sync-external-store": {
      "version": "1.2.0",
      "resolved": "https://registry.npmjs.org/use-sync-external-store/-/use-sync-external-store-1.2.0.tgz",
      "integrity": "sha512-eEgnFxGQ1Ife9bzYs6VLi8/4X6CObHMw9Qr9tPY43iKwsPw8xE8+EFsf/2cFZ5S3esXgpWgtSCtLNS41F+sKPA==",
      "peer": true,
      "requires": {}
    },
    "worktop": {
      "version": "0.7.3",
      "resolved": "https://registry.npmjs.org/worktop/-/worktop-0.7.3.tgz",
      "integrity": "sha512-WBHP1hk8pLP7ahAw13fugDWcO0SUAOiCD6DHT/bfLWoCIA/PL9u7GKdudT2nGZ8EGR1APbGCAI6ZzKG1+X+PnQ==",
      "peer": true,
      "requires": {
        "regexparam": "^2.0.0"
      }
    }
  }
}
