{
  "name": "@nosto/shopify-hydrogen",
  "version": "2.2.4",
  "lockfileVersion": 3,
  "requires": true,
  "packages": {
    "": {
      "name": "@nosto/shopify-hydrogen",
      "version": "2.2.4",
      "license": "ISC",
      "dependencies": {
        "@nosto/nosto-react": "^2.2.2",
        "crypto-es": "^2.1.0"
      },
      "peerDependencies": {
        "@remix-run/react": "^2.10.3",
        "@shopify/hydrogen": "^2024.7.4"
      }
    },
    "node_modules/@google/model-viewer": {
      "version": "1.12.1",
      "resolved": "https://npm.nos.to/@google%2fmodel-viewer/-/model-viewer-1.12.1.tgz",
      "integrity": "sha512-GOf/By81rbxSmwWRVxBtlY5b3050msJ+BDWqonPj7M0/I7rNS/vVNjbLxTofbGjZObS3n0ELHj8TZ47UtkZbtg==",
      "license": "Apache-2.0",
      "peer": true,
      "dependencies": {
        "lit": "^2.2.3",
        "three": "^0.139.2"
      },
      "engines": {
        "node": ">=6.0.0"
      }
    },
    "node_modules/@juggle/resize-observer": {
      "version": "3.4.0",
      "resolved": "https://npm.nos.to/@juggle%2fresize-observer/-/resize-observer-3.4.0.tgz",
      "integrity": "sha512-dfLbk+PwWvFzSxwk3n5ySL0hfBog779o8h68wK/7/APo/7cgyWp5jcXockbxdk5kFRkbeXWm4Fbi9FrdN381sA==",
      "license": "Apache-2.0",
      "peer": true
    },
    "node_modules/@lit-labs/ssr-dom-shim": {
      "version": "1.2.1",
      "resolved": "https://npm.nos.to/@lit-labs%2fssr-dom-shim/-/ssr-dom-shim-1.2.1.tgz",
      "integrity": "sha512-wx4aBmgeGvFmOKucFKY+8VFJSYZxs9poN3SDNQFF6lT6NrQUnHiPB2PWz2sc4ieEcAaYYzN+1uWahEeTq2aRIQ==",
      "license": "BSD-3-Clause",
      "peer": true
    },
    "node_modules/@lit/reactive-element": {
      "version": "1.6.3",
      "resolved": "https://npm.nos.to/@lit%2freactive-element/-/reactive-element-1.6.3.tgz",
      "integrity": "sha512-QuTgnG52Poic7uM1AN5yJ09QMe0O28e10XzSvWDz02TJiiKee4stsiownEIadWm8nYzyDAyT+gKzUoZmiWQtsQ==",
      "license": "BSD-3-Clause",
      "peer": true,
      "dependencies": {
        "@lit-labs/ssr-dom-shim": "^1.0.0"
      }
    },
    "node_modules/@nosto/nosto-react": {
      "version": "2.2.2",
      "resolved": "https://npm.nos.to/@nosto%2fnosto-react/-/nosto-react-2.2.2.tgz",
      "integrity": "sha512-QQ8Lmrgz7iEKPne6r+GejIBQGx3IdY/95gRtPCvIIwWUa304KSCg0fgM0bHADfminTnUYmU5OmKon/SjIEpgiQ==",
      "license": "ISC"
    },
    "node_modules/@remix-run/react": {
      "version": "2.11.2",
      "resolved": "https://npm.nos.to/@remix-run%2freact/-/react-2.11.2.tgz",
      "integrity": "sha512-SjjuK3aD/9wnIC5r0ZBNCpVSwEwt67YOQM7DCXhHiS8BtCvAxWEC4k4t8CvO9IwBG0gczqxzSqASH7U1RVtWqw==",
      "license": "MIT",
      "peer": true,
      "dependencies": {
        "@remix-run/router": "1.19.1",
        "@remix-run/server-runtime": "2.11.2",
        "react-router": "6.26.1",
        "react-router-dom": "6.26.1",
        "turbo-stream": "2.3.0"
      },
      "engines": {
        "node": ">=18.0.0"
      },
      "peerDependencies": {
        "react": "^18.0.0",
        "react-dom": "^18.0.0",
        "typescript": "^5.1.0"
      },
      "peerDependenciesMeta": {
        "typescript": {
          "optional": true
        }
      }
    },
    "node_modules/@remix-run/router": {
      "version": "1.19.1",
      "resolved": "https://npm.nos.to/@remix-run%2frouter/-/router-1.19.1.tgz",
      "integrity": "sha512-S45oynt/WH19bHbIXjtli6QmwNYvaz+vtnubvNpNDvUOoA/OWh6j1OikIP3G+v5GHdxyC6EXoChG3HgYGEUfcg==",
      "license": "MIT",
      "peer": true,
      "engines": {
        "node": ">=14.0.0"
      }
    },
    "node_modules/@remix-run/server-runtime": {
      "version": "2.11.2",
      "resolved": "https://npm.nos.to/@remix-run%2fserver-runtime/-/server-runtime-2.11.2.tgz",
      "integrity": "sha512-abG6ENj0X3eHqDxqO2thWM2NSEiPnqyt58z1BbiQCv+t8g0Zuqd5QHbB4wzdNvfS0vKhg+jJiigcJneAc4sZzw==",
      "license": "MIT",
      "peer": true,
      "dependencies": {
        "@remix-run/router": "1.19.1",
        "@types/cookie": "^0.6.0",
        "@web3-storage/multipart-parser": "^1.0.0",
        "cookie": "^0.6.0",
        "set-cookie-parser": "^2.4.8",
        "source-map": "^0.7.3",
        "turbo-stream": "2.3.0"
      },
      "engines": {
        "node": ">=18.0.0"
      },
      "peerDependencies": {
        "typescript": "^5.1.0"
      },
      "peerDependenciesMeta": {
        "typescript": {
          "optional": true
        }
      }
    },
    "node_modules/@shopify/hydrogen": {
      "version": "2024.7.4",
      "resolved": "https://npm.nos.to/@shopify%2fhydrogen/-/hydrogen-2024.7.4.tgz",
      "integrity": "sha512-am11Kdm92ePup5XoyGk1uYbjCtoirRiE0a+J2IZtWVVj79GvmKLQxZbJr3EyLlZDu2Q3qPPf7V6khuLDIc5/Gg==",
      "license": "MIT",
      "peer": true,
      "dependencies": {
        "@shopify/hydrogen-react": "2024.7.2",
        "content-security-policy-builder": "^2.2.0",
        "source-map-support": "^0.5.21",
        "type-fest": "^4.5.0",
        "use-resize-observer": "^9.1.0",
        "worktop": "^0.7.3"
      },
      "peerDependencies": {
        "@remix-run/react": "^2.10.0",
        "@remix-run/server-runtime": "^2.10.0",
        "react": "^18.2.0",
        "vite": "^5.1.0"
      },
      "peerDependenciesMeta": {
        "vite": {
          "optional": true
        }
      }
    },
    "node_modules/@shopify/hydrogen-react": {
      "version": "2024.7.2",
      "resolved": "https://npm.nos.to/@shopify%2fhydrogen-react/-/hydrogen-react-2024.7.2.tgz",
      "integrity": "sha512-5vtjKKL2gLxbOMh/33ZwPqODIkeKAzl4QYwgWpPZnB7hPJTltrIcQOZQGpbL0mY1ZZ9geXksZ/FEHBjRrzrrSQ==",
      "license": "MIT",
      "peer": true,
      "dependencies": {
        "@google/model-viewer": "^1.12.1",
        "@xstate/fsm": "^2.0.0",
        "@xstate/react": "^3.2.1",
        "graphql": "^16.6.0",
        "type-fest": "^4.5.0",
        "worktop": "^0.7.3"
      },
      "engines": {
        "node": ">=18.0.0"
      },
      "peerDependencies": {
        "react": "^18.0.0",
        "react-dom": "^18.0.0"
      }
    },
    "node_modules/@types/cookie": {
      "version": "0.6.0",
      "resolved": "https://npm.nos.to/@types%2fcookie/-/cookie-0.6.0.tgz",
      "integrity": "sha512-4Kh9a6B2bQciAhf7FSuMRRkUWecJgJu9nPnx3yzpsfXX/c50REIqpHY4C82bXP90qrLtXtkDxTZosYO3UpOwlA==",
      "license": "MIT",
      "peer": true
    },
    "node_modules/@types/trusted-types": {
      "version": "2.0.7",
      "resolved": "https://npm.nos.to/@types%2ftrusted-types/-/trusted-types-2.0.7.tgz",
      "integrity": "sha512-ScaPdn1dQczgbl0QFTeTOmVHFULt394XJgOQNoyVhZ6r2vLnMLJfBPd53SB52T/3G36VI1/g2MZaX0cwDuXsfw==",
      "license": "MIT",
      "peer": true
    },
    "node_modules/@web3-storage/multipart-parser": {
      "version": "1.0.0",
      "resolved": "https://npm.nos.to/@web3-storage%2fmultipart-parser/-/multipart-parser-1.0.0.tgz",
      "integrity": "sha512-BEO6al7BYqcnfX15W2cnGR+Q566ACXAT9UQykORCWW80lmkpWsnEob6zJS1ZVBKsSJC8+7vJkHwlp+lXG1UCdw==",
      "license": "(Apache-2.0 AND MIT)",
      "peer": true
    },
    "node_modules/@xstate/fsm": {
      "version": "2.1.0",
      "resolved": "https://npm.nos.to/@xstate%2ffsm/-/fsm-2.1.0.tgz",
      "integrity": "sha512-oJlc0iD0qZvAM7If/KlyJyqUt7wVI8ocpsnlWzAPl97evguPbd+oJbRM9R4A1vYJffYH96+Bx44nLDE6qS8jQg==",
      "license": "MIT",
      "peer": true
    },
    "node_modules/@xstate/react": {
      "version": "3.2.2",
      "resolved": "https://npm.nos.to/@xstate%2freact/-/react-3.2.2.tgz",
      "integrity": "sha512-feghXWLedyq8JeL13yda3XnHPZKwYDN5HPBLykpLeuNpr9178tQd2/3d0NrH6gSd0sG5mLuLeuD+ck830fgzLQ==",
      "license": "MIT",
      "peer": true,
      "dependencies": {
        "use-isomorphic-layout-effect": "^1.1.2",
        "use-sync-external-store": "^1.0.0"
      },
      "peerDependencies": {
        "@xstate/fsm": "^2.0.0",
        "react": "^16.8.0 || ^17.0.0 || ^18.0.0",
        "xstate": "^4.37.2"
      },
      "peerDependenciesMeta": {
        "@xstate/fsm": {
          "optional": true
        },
        "xstate": {
          "optional": true
        }
      }
    },
    "node_modules/buffer-from": {
      "version": "1.1.2",
      "resolved": "https://npm.nos.to/buffer-from/-/buffer-from-1.1.2.tgz",
      "integrity": "sha512-E+XQCRwSbaaiChtv6k6Dwgc+bx+Bs6vuKJHHl5kox/BaKbhiXzqQOwK4cO22yElGp2OCmjwVhT3HmxgyPGnJfQ==",
      "license": "MIT",
      "peer": true
    },
    "node_modules/content-security-policy-builder": {
      "version": "2.2.0",
      "resolved": "https://npm.nos.to/content-security-policy-builder/-/content-security-policy-builder-2.2.0.tgz",
      "integrity": "sha512-IZhbHYV3O6xBpbvuMJz0FP8s79aTz7ymq4JQVC8TMzTdRToxrupCY1C/GlzC6GaDfKvD7AceewH+LsTV5OO/Kg==",
      "license": "MIT",
      "peer": true,
      "engines": {
        "node": ">=18.0.0"
      }
    },
    "node_modules/cookie": {
      "version": "0.6.0",
      "resolved": "https://npm.nos.to/cookie/-/cookie-0.6.0.tgz",
      "integrity": "sha512-U71cyTamuh1CRNCfpGY6to28lxvNwPG4Guz/EVjgf3Jmzv0vlDp1atT9eS5dDjMYHucpHbWns6Lwf3BKz6svdw==",
      "license": "MIT",
      "peer": true,
      "engines": {
        "node": ">= 0.6"
      }
    },
    "node_modules/crypto-es": {
      "version": "2.1.0",
      "resolved": "https://npm.nos.to/crypto-es/-/crypto-es-2.1.0.tgz",
      "integrity": "sha512-C5Dbuv4QTPGuloy5c5Vv/FZHtmK+lobLAypFfuRaBbwCsk3qbCWWESCH3MUcBsrgXloRNMrzwUAiPg4U6+IaKA==",
      "license": "MIT"
    },
    "node_modules/graphql": {
      "version": "16.9.0",
      "resolved": "https://npm.nos.to/graphql/-/graphql-16.9.0.tgz",
      "integrity": "sha512-GGTKBX4SD7Wdb8mqeDLni2oaRGYQWjWHGKPQ24ZMnUtKfcsVoiv4uX8+LJr1K6U5VW2Lu1BwJnj7uiori0YtRw==",
      "license": "MIT",
      "peer": true,
      "engines": {
        "node": "^12.22.0 || ^14.16.0 || ^16.0.0 || >=17.0.0"
      }
    },
    "node_modules/js-tokens": {
      "version": "4.0.0",
      "resolved": "https://npm.nos.to/js-tokens/-/js-tokens-4.0.0.tgz",
      "integrity": "sha512-RdJUflcE3cUzKiMqQgsCu06FPu9UdIJO0beYbPhHN4k6apgJtifcoCtT9bcxOpYBtpD2kCM6Sbzg4CausW/PKQ==",
      "license": "MIT",
      "peer": true
    },
    "node_modules/lit": {
      "version": "2.8.0",
      "resolved": "https://npm.nos.to/lit/-/lit-2.8.0.tgz",
      "integrity": "sha512-4Sc3OFX9QHOJaHbmTMk28SYgVxLN3ePDjg7hofEft2zWlehFL3LiAuapWc4U/kYwMYJSh2hTCPZ6/LIC7ii0MA==",
      "license": "BSD-3-Clause",
      "peer": true,
      "dependencies": {
        "@lit/reactive-element": "^1.6.0",
        "lit-element": "^3.3.0",
        "lit-html": "^2.8.0"
      }
    },
    "node_modules/lit-element": {
      "version": "3.3.3",
      "resolved": "https://npm.nos.to/lit-element/-/lit-element-3.3.3.tgz",
      "integrity": "sha512-XbeRxmTHubXENkV4h8RIPyr8lXc+Ff28rkcQzw3G6up2xg5E8Zu1IgOWIwBLEQsu3cOVFqdYwiVi0hv0SlpqUA==",
      "license": "BSD-3-Clause",
      "peer": true,
      "dependencies": {
        "@lit-labs/ssr-dom-shim": "^1.1.0",
        "@lit/reactive-element": "^1.3.0",
        "lit-html": "^2.8.0"
      }
    },
    "node_modules/lit-html": {
      "version": "2.8.0",
      "resolved": "https://npm.nos.to/lit-html/-/lit-html-2.8.0.tgz",
      "integrity": "sha512-o9t+MQM3P4y7M7yNzqAyjp7z+mQGa4NS4CxiyLqFPyFWyc4O+nodLrkrxSaCTrla6M5YOLaT3RpbbqjszB5g3Q==",
      "license": "BSD-3-Clause",
      "peer": true,
      "dependencies": {
        "@types/trusted-types": "^2.0.2"
      }
    },
    "node_modules/loose-envify": {
      "version": "1.4.0",
      "resolved": "https://npm.nos.to/loose-envify/-/loose-envify-1.4.0.tgz",
      "integrity": "sha512-lyuxPGr/Wfhrlem2CL/UcnUc1zcqKAImBDzukY7Y5F/yQiNdko6+fRLevlw1HgMySw7f611UIY408EtxRSoK3Q==",
      "license": "MIT",
      "peer": true,
      "dependencies": {
        "js-tokens": "^3.0.0 || ^4.0.0"
      },
      "bin": {
        "loose-envify": "cli.js"
      }
    },
    "node_modules/react": {
      "version": "18.3.1",
      "resolved": "https://npm.nos.to/react/-/react-18.3.1.tgz",
      "integrity": "sha512-wS+hAgJShR0KhEvPJArfuPVN1+Hz1t0Y6n5jLrGQbkb4urgPE/0Rve+1kMB1v/oWgHgm4WIcV+i7F2pTVj+2iQ==",
      "license": "MIT",
      "peer": true,
      "dependencies": {
        "loose-envify": "^1.1.0"
      },
      "engines": {
        "node": ">=0.10.0"
      }
    },
    "node_modules/react-dom": {
      "version": "18.3.1",
      "resolved": "https://npm.nos.to/react-dom/-/react-dom-18.3.1.tgz",
      "integrity": "sha512-5m4nQKp+rZRb09LNH59GM4BxTh9251/ylbKIbpe7TpGxfJ+9kv6BLkLBXIjjspbgbnIBNqlI23tRnTWT0snUIw==",
      "license": "MIT",
      "peer": true,
      "dependencies": {
        "loose-envify": "^1.1.0",
        "scheduler": "^0.23.2"
      },
      "peerDependencies": {
        "react": "^18.3.1"
      }
    },
    "node_modules/react-router": {
      "version": "6.26.1",
      "resolved": "https://npm.nos.to/react-router/-/react-router-6.26.1.tgz",
      "integrity": "sha512-kIwJveZNwp7teQRI5QmwWo39A5bXRyqpH0COKKmPnyD2vBvDwgFXSqDUYtt1h+FEyfnE8eXr7oe0MxRzVwCcvQ==",
      "license": "MIT",
      "peer": true,
      "dependencies": {
        "@remix-run/router": "1.19.1"
      },
      "engines": {
        "node": ">=14.0.0"
      },
      "peerDependencies": {
        "react": ">=16.8"
      }
    },
    "node_modules/react-router-dom": {
      "version": "6.26.1",
      "resolved": "https://npm.nos.to/react-router-dom/-/react-router-dom-6.26.1.tgz",
      "integrity": "sha512-veut7m41S1fLql4pLhxeSW3jlqs+4MtjRLj0xvuCEXsxusJCbs6I8yn9BxzzDX2XDgafrccY6hwjmd/bL54tFw==",
      "license": "MIT",
      "peer": true,
      "dependencies": {
        "@remix-run/router": "1.19.1",
        "react-router": "6.26.1"
      },
      "engines": {
        "node": ">=14.0.0"
      },
      "peerDependencies": {
        "react": ">=16.8",
        "react-dom": ">=16.8"
      }
    },
    "node_modules/regexparam": {
      "version": "2.0.2",
      "resolved": "https://npm.nos.to/regexparam/-/regexparam-2.0.2.tgz",
      "integrity": "sha512-A1PeDEYMrkLrfyOwv2jwihXbo9qxdGD3atBYQA9JJgreAx8/7rC6IUkWOw2NQlOxLp2wL0ifQbh1HuidDfYA6w==",
      "license": "MIT",
      "peer": true,
      "engines": {
        "node": ">=8"
      }
    },
    "node_modules/scheduler": {
      "version": "0.23.2",
      "resolved": "https://npm.nos.to/scheduler/-/scheduler-0.23.2.tgz",
      "integrity": "sha512-UOShsPwz7NrMUqhR6t0hWjFduvOzbtv7toDH1/hIrfRNIDBnnBWd0CwJTGvTpngVlmwGCdP9/Zl/tVrDqcuYzQ==",
      "license": "MIT",
      "peer": true,
      "dependencies": {
        "loose-envify": "^1.1.0"
      }
    },
    "node_modules/set-cookie-parser": {
      "version": "2.7.0",
      "resolved": "https://npm.nos.to/set-cookie-parser/-/set-cookie-parser-2.7.0.tgz",
      "integrity": "sha512-lXLOiqpkUumhRdFF3k1osNXCy9akgx/dyPZ5p8qAg9seJzXr5ZrlqZuWIMuY6ejOsVLE6flJ5/h3lsn57fQ/PQ==",
      "license": "MIT",
      "peer": true
    },
    "node_modules/source-map": {
      "version": "0.7.4",
      "resolved": "https://npm.nos.to/source-map/-/source-map-0.7.4.tgz",
      "integrity": "sha512-l3BikUxvPOcn5E74dZiq5BGsTb5yEwhaTSzccU6t4sDOH8NWJCstKO5QT2CvtFoK6F0saL7p9xHAqHOlCPJygA==",
      "license": "BSD-3-Clause",
      "peer": true,
      "engines": {
        "node": ">= 8"
      }
    },
    "node_modules/source-map-support": {
      "version": "0.5.21",
      "resolved": "https://npm.nos.to/source-map-support/-/source-map-support-0.5.21.tgz",
      "integrity": "sha512-uBHU3L3czsIyYXKX88fdrGovxdSCoTGDRZ6SYXtSRxLZUzHg5P/66Ht6uoUlHu9EZod+inXhKo3qQgwXUT/y1w==",
      "license": "MIT",
      "peer": true,
      "dependencies": {
        "buffer-from": "^1.0.0",
        "source-map": "^0.6.0"
      }
    },
    "node_modules/source-map-support/node_modules/source-map": {
      "version": "0.6.1",
      "resolved": "https://npm.nos.to/source-map/-/source-map-0.6.1.tgz",
      "integrity": "sha512-UjgapumWlbMhkBgzT7Ykc5YXUT46F0iKu8SGXq0bcwP5dz/h0Plj6enJqjz1Zbq2l5WaqYnrVbwWOWMyF3F47g==",
      "license": "BSD-3-Clause",
      "peer": true,
      "engines": {
        "node": ">=0.10.0"
      }
    },
    "node_modules/three": {
      "version": "0.139.2",
      "resolved": "https://npm.nos.to/three/-/three-0.139.2.tgz",
      "integrity": "sha512-gV7q7QY8rogu7HLFZR9cWnOQAUedUhu2WXAnpr2kdXZP9YDKsG/0ychwQvWkZN5PlNw9mv5MoCTin6zNTXoONg==",
      "license": "MIT",
      "peer": true
    },
    "node_modules/turbo-stream": {
      "version": "2.3.0",
      "resolved": "https://npm.nos.to/turbo-stream/-/turbo-stream-2.3.0.tgz",
      "integrity": "sha512-PhEr9mdexoVv+rJkQ3c8TjrN3DUghX37GNJkSMksoPR4KrXIPnM2MnqRt07sViIqX9IdlhrgtTSyjoVOASq6cg==",
      "license": "ISC",
      "peer": true
    },
    "node_modules/type-fest": {
      "version": "4.25.0",
      "resolved": "https://npm.nos.to/type-fest/-/type-fest-4.25.0.tgz",
      "integrity": "sha512-bRkIGlXsnGBRBQRAY56UXBm//9qH4bmJfFvq83gSz41N282df+fjy8ofcEgc1sM8geNt5cl6mC2g9Fht1cs8Aw==",
      "license": "(MIT OR CC0-1.0)",
      "peer": true,
      "engines": {
        "node": ">=16"
      },
      "funding": {
        "url": "https://github.com/sponsors/sindresorhus"
      }
    },
    "node_modules/use-isomorphic-layout-effect": {
      "version": "1.1.2",
      "resolved": "https://npm.nos.to/use-isomorphic-layout-effect/-/use-isomorphic-layout-effect-1.1.2.tgz",
      "integrity": "sha512-49L8yCO3iGT/ZF9QttjwLF/ZD9Iwto5LnH5LmEdk/6cFmXddqi2ulF0edxTwjj+7mqvpVVGQWvbXZdn32wRSHA==",
      "license": "MIT",
      "peer": true,
      "peerDependencies": {
        "react": "^16.8.0 || ^17.0.0 || ^18.0.0"
      },
      "peerDependenciesMeta": {
        "@types/react": {
          "optional": true
        }
      }
    },
    "node_modules/use-resize-observer": {
      "version": "9.1.0",
      "resolved": "https://npm.nos.to/use-resize-observer/-/use-resize-observer-9.1.0.tgz",
      "integrity": "sha512-R25VqO9Wb3asSD4eqtcxk8sJalvIOYBqS8MNZlpDSQ4l4xMQxC/J7Id9HoTqPq8FwULIn0PVW+OAqF2dyYbjow==",
      "license": "MIT",
      "peer": true,
      "dependencies": {
        "@juggle/resize-observer": "^3.3.1"
      },
      "peerDependencies": {
        "react": "16.8.0 - 18",
        "react-dom": "16.8.0 - 18"
      }
    },
    "node_modules/use-sync-external-store": {
      "version": "1.2.2",
      "resolved": "https://npm.nos.to/use-sync-external-store/-/use-sync-external-store-1.2.2.tgz",
      "integrity": "sha512-PElTlVMwpblvbNqQ82d2n6RjStvdSoNe9FG28kNfz3WiXilJm4DdNkEzRhCZuIDwY8U08WVihhGR5iRqAwfDiw==",
      "license": "MIT",
      "peer": true,
      "peerDependencies": {
        "react": "^16.8.0 || ^17.0.0 || ^18.0.0"
      }
    },
    "node_modules/worktop": {
      "version": "0.7.3",
      "resolved": "https://npm.nos.to/worktop/-/worktop-0.7.3.tgz",
      "integrity": "sha512-WBHP1hk8pLP7ahAw13fugDWcO0SUAOiCD6DHT/bfLWoCIA/PL9u7GKdudT2nGZ8EGR1APbGCAI6ZzKG1+X+PnQ==",
      "license": "MIT",
      "peer": true,
      "dependencies": {
        "regexparam": "^2.0.0"
      },
      "engines": {
        "node": ">=12"
      }
    }
  }
}
