{
  "name": "@nosto/shopify-hydrogen",
  "version": "2.1.1",
  "lockfileVersion": 2,
  "requires": true,
  "packages": {
    "": {
      "name": "@nosto/shopify-hydrogen",
      "version": "2.1.1",
      "license": "ISC",
      "dependencies": {
        "@nosto/nosto-react": "^0.4.1",
        "js-sha256": "^0.2.0"
      },
      "peerDependencies": {
        "@remix-run/react": "1.19.1",
        "@shopify/hydrogen": "^2023.7.2"
      }
    },
    "node_modules/@google/model-viewer": {
      "version": "1.12.1",
      "license": "Apache-2.0",
      "peer": true,
      "dependencies": {
        "lit": "^2.2.3",
        "three": "^0.139.2"
      },
      "engines": {
        "node": ">=6.0.0"
      }
    },
    "node_modules/@lit-labs/ssr-dom-shim": {
      "version": "1.1.1",
      "license": "BSD-3-Clause",
      "peer": true
    },
    "node_modules/@lit/reactive-element": {
      "version": "1.6.1",
      "license": "BSD-3-Clause",
      "peer": true,
      "dependencies": {
        "@lit-labs/ssr-dom-shim": "^1.0.0"
      }
    },
    "node_modules/@nosto/nosto-react": {
      "version": "0.4.1",
      "resolved": "https://registry.npmjs.org/@nosto/nosto-react/-/nosto-react-0.4.1.tgz",
      "integrity": "sha512-vNlOCf1IZDX2gNUz4vcGP040Leyazqw6jNSiqY2txiuB/jMnz9f3ruDEPAiY6gjx3uOaItZFsDPoXUbffGCDtg=="
    },
    "node_modules/@remix-run/react": {
      "version": "1.19.1",
      "resolved": "https://registry.npmjs.org/@remix-run/react/-/react-1.19.1.tgz",
      "integrity": "sha512-VrNkI4wt8K+7QKVll/lkNzWwmg2v7LHhUjCWpYhYtmYiyDitl0n6t7pWysWbp+EYwlRUHr4JgHtBgEekhkd7/w==",
      "peer": true,
      "dependencies": {
        "@remix-run/router": "1.7.2",
        "react-router-dom": "6.14.2"
      },
      "engines": {
        "node": ">=14.0.0"
      },
      "peerDependencies": {
        "react": ">=16.8.0",
        "react-dom": ">=16.8.0"
      }
    },
    "node_modules/@remix-run/router": {
      "version": "1.7.2",
      "resolved": "https://registry.npmjs.org/@remix-run/router/-/router-1.7.2.tgz",
      "integrity": "sha512-7Lcn7IqGMV+vizMPoEl5F0XDshcdDYtMI6uJLQdQz5CfZAwy3vvGKYSUk789qndt5dEC4HfSjviSYlSoHGL2+A==",
      "peer": true,
      "engines": {
        "node": ">=14"
      }
    },
    "node_modules/@remix-run/server-runtime": {
      "version": "1.19.1",
      "resolved": "https://registry.npmjs.org/@remix-run/server-runtime/-/server-runtime-1.19.1.tgz",
      "integrity": "sha512-sRTx/Ibl8HSLGhEr73YTZz3GzO5eZRCusfSJ8MBh1Kq0Mo571W9g4AJ/qJsF3G/wKTKxU2n75MVo0nIfTh4oZQ==",
      "peer": true,
      "dependencies": {
        "@remix-run/router": "1.7.2",
        "@types/cookie": "^0.4.1",
        "@web3-storage/multipart-parser": "^1.0.0",
        "cookie": "^0.4.1",
        "set-cookie-parser": "^2.4.8",
        "source-map": "^0.7.3"
      },
      "engines": {
        "node": ">=14.0.0"
      }
    },
    "node_modules/@remix-run/server-runtime/node_modules/source-map": {
      "version": "0.7.4",
      "license": "BSD-3-Clause",
      "peer": true,
      "engines": {
        "node": ">= 8"
      }
    },
    "node_modules/@shopify/hydrogen": {
      "version": "2023.7.2",
      "resolved": "https://registry.npmjs.org/@shopify/hydrogen/-/hydrogen-2023.7.2.tgz",
      "integrity": "sha512-18SEu+KR2jIpkUc0c7q7TUmS7KjHo9H63Et04r01bOeoYE2tphfsc2HXWXJdSsFORDovEPNLyO4KRNi1mSX8UA==",
      "peer": true,
      "dependencies": {
        "@shopify/hydrogen-react": "2023.7.1",
        "react": "^18.2.0"
      },
      "peerDependencies": {
        "@remix-run/react": "1.19.1",
        "@remix-run/server-runtime": "1.19.1"
      }
    },
    "node_modules/@shopify/hydrogen-react": {
      "version": "2023.7.1",
      "resolved": "https://registry.npmjs.org/@shopify/hydrogen-react/-/hydrogen-react-2023.7.1.tgz",
      "integrity": "sha512-cp5OO5+h1KYDH2E4Bh+P+863UmNg43TEm8FMJBhiU/tPPxVBuhkWkLBBgyiyA2+n2YAJZsStzvLFQvZgfDW9Tw==",
      "peer": true,
      "dependencies": {
        "@google/model-viewer": "^1.12.1",
        "@xstate/fsm": "^2.0.0",
        "@xstate/react": "^3.2.1",
        "graphql": "^16.6.0",
        "type-fest": "^3.6.0",
        "worktop": "^0.7.3"
      },
      "engines": {
        "node": ">=14"
      },
      "peerDependencies": {
        "react": "^18.0.0",
        "react-dom": "^18.0.0"
      }
    },
    "node_modules/@shopify/hydrogen-react/node_modules/graphql": {
      "version": "16.6.0",
      "license": "MIT",
      "peer": true,
      "engines": {
        "node": "^12.22.0 || ^14.16.0 || ^16.0.0 || >=17.0.0"
      }
    },
    "node_modules/@types/cookie": {
      "version": "0.4.1",
      "license": "MIT",
      "peer": true
    },
    "node_modules/@types/trusted-types": {
      "version": "2.0.3",
      "license": "MIT",
      "peer": true
    },
    "node_modules/@web3-storage/multipart-parser": {
      "version": "1.0.0",
      "license": "(Apache-2.0 AND MIT)",
      "peer": true
    },
    "node_modules/@xstate/fsm": {
      "version": "2.0.0",
      "license": "MIT",
      "peer": true
    },
    "node_modules/@xstate/react": {
      "version": "3.2.2",
      "license": "MIT",
      "peer": true,
      "dependencies": {
        "use-isomorphic-layout-effect": "^1.1.2",
        "use-sync-external-store": "^1.0.0"
      },
      "peerDependencies": {
        "@xstate/fsm": "^2.0.0",
        "react": "^16.8.0 || ^17.0.0 || ^18.0.0",
        "xstate": "^4.37.2"
      },
      "peerDependenciesMeta": {
        "@xstate/fsm": {
          "optional": true
        },
        "xstate": {
          "optional": true
        }
      }
    },
    "node_modules/cookie": {
      "version": "0.4.2",
      "license": "MIT",
      "peer": true,
      "engines": {
        "node": ">= 0.6"
      }
    },
    "node_modules/js-sha256": {
      "version": "0.2.3",
      "license": "MIT"
    },
    "node_modules/js-tokens": {
      "version": "4.0.0",
      "license": "MIT",
      "peer": true
    },
    "node_modules/lit": {
      "version": "2.7.4",
      "license": "BSD-3-Clause",
      "peer": true,
      "dependencies": {
        "@lit/reactive-element": "^1.6.0",
        "lit-element": "^3.3.0",
        "lit-html": "^2.7.0"
      }
    },
    "node_modules/lit-element": {
      "version": "3.3.2",
      "license": "BSD-3-Clause",
      "peer": true,
      "dependencies": {
        "@lit-labs/ssr-dom-shim": "^1.1.0",
        "@lit/reactive-element": "^1.3.0",
        "lit-html": "^2.7.0"
      }
    },
    "node_modules/lit-html": {
      "version": "2.7.4",
      "license": "BSD-3-Clause",
      "peer": true,
      "dependencies": {
        "@types/trusted-types": "^2.0.2"
      }
    },
    "node_modules/loose-envify": {
      "version": "1.4.0",
      "license": "MIT",
      "peer": true,
      "dependencies": {
        "js-tokens": "^3.0.0 || ^4.0.0"
      },
      "bin": {
        "loose-envify": "cli.js"
      }
    },
    "node_modules/react": {
      "version": "18.2.0",
      "license": "MIT",
      "peer": true,
      "dependencies": {
        "loose-envify": "^1.1.0"
      },
      "engines": {
        "node": ">=0.10.0"
      }
    },
    "node_modules/react-dom": {
      "version": "18.2.0",
      "resolved": "https://registry.npmjs.org/react-dom/-/react-dom-18.2.0.tgz",
      "integrity": "sha512-6IMTriUmvsjHUjNtEDudZfuDQUoWXVxKHhlEGSk81n4YFS+r/Kl99wXiwlVXtPBtJenozv2P+hxDsw9eA7Xo6g==",
      "peer": true,
      "dependencies": {
        "loose-envify": "^1.1.0",
        "scheduler": "^0.23.0"
      },
      "peerDependencies": {
        "react": "^18.2.0"
      }
    },
    "node_modules/react-router": {
      "version": "6.14.2",
      "resolved": "https://registry.npmjs.org/react-router/-/react-router-6.14.2.tgz",
      "integrity": "sha512-09Zss2dE2z+T1D03IheqAFtK4UzQyX8nFPWx6jkwdYzGLXd5ie06A6ezS2fO6zJfEb/SpG6UocN2O1hfD+2urQ==",
      "peer": true,
      "dependencies": {
        "@remix-run/router": "1.7.2"
      },
      "engines": {
        "node": ">=14"
      },
      "peerDependencies": {
        "react": ">=16.8"
      }
    },
    "node_modules/react-router-dom": {
      "version": "6.14.2",
      "resolved": "https://registry.npmjs.org/react-router-dom/-/react-router-dom-6.14.2.tgz",
      "integrity": "sha512-5pWX0jdKR48XFZBuJqHosX3AAHjRAzygouMTyimnBPOLdY3WjzUSKhus2FVMihUFWzeLebDgr4r8UeQFAct7Bg==",
      "peer": true,
      "dependencies": {
        "@remix-run/router": "1.7.2",
        "react-router": "6.14.2"
      },
      "engines": {
        "node": ">=14"
      },
      "peerDependencies": {
        "react": ">=16.8",
        "react-dom": ">=16.8"
      }
    },
    "node_modules/regexparam": {
      "version": "2.0.1",
      "license": "MIT",
      "peer": true,
      "engines": {
        "node": ">=8"
      }
    },
    "node_modules/scheduler": {
      "version": "0.23.0",
      "license": "MIT",
      "peer": true,
      "dependencies": {
        "loose-envify": "^1.1.0"
      }
    },
    "node_modules/set-cookie-parser": {
      "version": "2.6.0",
      "license": "MIT",
      "peer": true
    },
    "node_modules/three": {
      "version": "0.139.2",
      "license": "MIT",
      "peer": true
    },
    "node_modules/type-fest": {
      "version": "3.11.0",
      "license": "(MIT OR CC0-1.0)",
      "peer": true,
      "engines": {
        "node": ">=14.16"
      },
      "funding": {
        "url": "https://github.com/sponsors/sindresorhus"
      }
    },
    "node_modules/use-isomorphic-layout-effect": {
      "version": "1.1.2",
      "license": "MIT",
      "peer": true,
      "peerDependencies": {
        "react": "^16.8.0 || ^17.0.0 || ^18.0.0"
      },
      "peerDependenciesMeta": {
        "@types/react": {
          "optional": true
        }
      }
    },
    "node_modules/use-sync-external-store": {
      "version": "1.2.0",
      "license": "MIT",
      "peer": true,
      "peerDependencies": {
        "react": "^16.8.0 || ^17.0.0 || ^18.0.0"
      }
    },
    "node_modules/worktop": {
      "version": "0.7.3",
      "license": "MIT",
      "peer": true,
      "dependencies": {
        "regexparam": "^2.0.0"
      },
      "engines": {
        "node": ">=12"
      }
    }
  },
  "dependencies": {
    "@google/model-viewer": {
      "version": "1.12.1",
      "peer": true,
      "requires": {
        "lit": "^2.2.3",
        "three": "^0.139.2"
      }
    },
    "@lit-labs/ssr-dom-shim": {
      "version": "1.1.1",
      "peer": true
    },
    "@lit/reactive-element": {
      "version": "1.6.1",
      "peer": true,
      "requires": {
        "@lit-labs/ssr-dom-shim": "^1.0.0"
      }
    },
    "@nosto/nosto-react": {
      "version": "0.4.1",
      "resolved": "https://registry.npmjs.org/@nosto/nosto-react/-/nosto-react-0.4.1.tgz",
      "integrity": "sha512-vNlOCf1IZDX2gNUz4vcGP040Leyazqw6jNSiqY2txiuB/jMnz9f3ruDEPAiY6gjx3uOaItZFsDPoXUbffGCDtg=="
    },
    "@remix-run/react": {
      "version": "1.19.1",
      "resolved": "https://registry.npmjs.org/@remix-run/react/-/react-1.19.1.tgz",
      "integrity": "sha512-VrNkI4wt8K+7QKVll/lkNzWwmg2v7LHhUjCWpYhYtmYiyDitl0n6t7pWysWbp+EYwlRUHr4JgHtBgEekhkd7/w==",
      "peer": true,
      "requires": {
        "@remix-run/router": "1.7.2",
        "react-router-dom": "6.14.2"
      }
    },
    "@remix-run/router": {
      "version": "1.7.2",
      "resolved": "https://registry.npmjs.org/@remix-run/router/-/router-1.7.2.tgz",
      "integrity": "sha512-7Lcn7IqGMV+vizMPoEl5F0XDshcdDYtMI6uJLQdQz5CfZAwy3vvGKYSUk789qndt5dEC4HfSjviSYlSoHGL2+A==",
      "peer": true
    },
    "@remix-run/server-runtime": {
      "version": "1.19.1",
      "resolved": "https://registry.npmjs.org/@remix-run/server-runtime/-/server-runtime-1.19.1.tgz",
      "integrity": "sha512-sRTx/Ibl8HSLGhEr73YTZz3GzO5eZRCusfSJ8MBh1Kq0Mo571W9g4AJ/qJsF3G/wKTKxU2n75MVo0nIfTh4oZQ==",
      "peer": true,
      "requires": {
        "@remix-run/router": "1.7.2",
        "@types/cookie": "^0.4.1",
        "@web3-storage/multipart-parser": "^1.0.0",
        "cookie": "^0.4.1",
        "set-cookie-parser": "^2.4.8",
        "source-map": "^0.7.3"
      },
      "dependencies": {
        "source-map": {
          "version": "0.7.4",
          "peer": true
        }
      }
    },
    "@shopify/hydrogen": {
      "version": "2023.7.2",
      "resolved": "https://registry.npmjs.org/@shopify/hydrogen/-/hydrogen-2023.7.2.tgz",
      "integrity": "sha512-18SEu+KR2jIpkUc0c7q7TUmS7KjHo9H63Et04r01bOeoYE2tphfsc2HXWXJdSsFORDovEPNLyO4KRNi1mSX8UA==",
      "peer": true,
      "requires": {
        "@shopify/hydrogen-react": "2023.7.1",
        "react": "^18.2.0"
      }
    },
    "@shopify/hydrogen-react": {
      "version": "2023.7.1",
      "resolved": "https://registry.npmjs.org/@shopify/hydrogen-react/-/hydrogen-react-2023.7.1.tgz",
      "integrity": "sha512-cp5OO5+h1KYDH2E4Bh+P+863UmNg43TEm8FMJBhiU/tPPxVBuhkWkLBBgyiyA2+n2YAJZsStzvLFQvZgfDW9Tw==",
      "peer": true,
      "requires": {
        "@google/model-viewer": "^1.12.1",
        "@xstate/fsm": "^2.0.0",
        "@xstate/react": "^3.2.1",
        "graphql": "^16.6.0",
        "type-fest": "^3.6.0",
        "worktop": "^0.7.3"
      },
      "dependencies": {
        "graphql": {
          "version": "16.6.0",
          "peer": true
        }
      }
    },
    "@types/cookie": {
      "version": "0.4.1",
      "peer": true
    },
    "@types/trusted-types": {
      "version": "2.0.3",
      "peer": true
    },
    "@web3-storage/multipart-parser": {
      "version": "1.0.0",
      "peer": true
    },
    "@xstate/fsm": {
      "version": "2.0.0",
      "peer": true
    },
    "@xstate/react": {
      "version": "3.2.2",
      "peer": true,
      "requires": {
        "use-isomorphic-layout-effect": "^1.1.2",
        "use-sync-external-store": "^1.0.0"
      }
    },
    "cookie": {
      "version": "0.4.2",
      "peer": true
    },
    "js-sha256": {
      "version": "0.2.3"
    },
    "js-tokens": {
      "version": "4.0.0",
      "peer": true
    },
    "lit": {
      "version": "2.7.4",
      "peer": true,
      "requires": {
        "@lit/reactive-element": "^1.6.0",
        "lit-element": "^3.3.0",
        "lit-html": "^2.7.0"
      }
    },
    "lit-element": {
      "version": "3.3.2",
      "peer": true,
      "requires": {
        "@lit-labs/ssr-dom-shim": "^1.1.0",
        "@lit/reactive-element": "^1.3.0",
        "lit-html": "^2.7.0"
      }
    },
    "lit-html": {
      "version": "2.7.4",
      "peer": true,
      "requires": {
        "@types/trusted-types": "^2.0.2"
      }
    },
    "loose-envify": {
      "version": "1.4.0",
      "peer": true,
      "requires": {
        "js-tokens": "^3.0.0 || ^4.0.0"
      }
    },
    "react": {
      "version": "18.2.0",
      "peer": true,
      "requires": {
        "loose-envify": "^1.1.0"
      }
    },
    "react-dom": {
      "version": "18.2.0",
      "resolved": "https://registry.npmjs.org/react-dom/-/react-dom-18.2.0.tgz",
      "integrity": "sha512-6IMTriUmvsjHUjNtEDudZfuDQUoWXVxKHhlEGSk81n4YFS+r/Kl99wXiwlVXtPBtJenozv2P+hxDsw9eA7Xo6g==",
      "peer": true,
      "requires": {
        "loose-envify": "^1.1.0",
        "scheduler": "^0.23.0"
      }
    },
    "react-router": {
      "version": "6.14.2",
      "resolved": "https://registry.npmjs.org/react-router/-/react-router-6.14.2.tgz",
      "integrity": "sha512-09Zss2dE2z+T1D03IheqAFtK4UzQyX8nFPWx6jkwdYzGLXd5ie06A6ezS2fO6zJfEb/SpG6UocN2O1hfD+2urQ==",
      "peer": true,
      "requires": {
        "@remix-run/router": "1.7.2"
      }
    },
    "react-router-dom": {
      "version": "6.14.2",
      "resolved": "https://registry.npmjs.org/react-router-dom/-/react-router-dom-6.14.2.tgz",
      "integrity": "sha512-5pWX0jdKR48XFZBuJqHosX3AAHjRAzygouMTyimnBPOLdY3WjzUSKhus2FVMihUFWzeLebDgr4r8UeQFAct7Bg==",
      "peer": true,
      "requires": {
        "@remix-run/router": "1.7.2",
        "react-router": "6.14.2"
      }
    },
    "regexparam": {
      "version": "2.0.1",
      "peer": true
    },
    "scheduler": {
      "version": "0.23.0",
      "peer": true,
      "requires": {
        "loose-envify": "^1.1.0"
      }
    },
    "set-cookie-parser": {
      "version": "2.6.0",
      "peer": true
    },
    "three": {
      "version": "0.139.2",
      "peer": true
    },
    "type-fest": {
      "version": "3.11.0",
      "peer": true
    },
    "use-isomorphic-layout-effect": {
      "version": "1.1.2",
      "peer": true,
      "requires": {}
    },
    "use-sync-external-store": {
      "version": "1.2.0",
      "peer": true,
      "requires": {}
    },
    "worktop": {
      "version": "0.7.3",
      "peer": true,
      "requires": {
        "regexparam": "^2.0.0"
      }
    }
  }
}
