# THIS IS AN AUTOGENERATED FILE. DO NOT EDIT THIS FILE DIRECTLY.
# yarn lockfile v1


"@nosto/nosto-react@^2.0.0":
  version "2.0.0"
  resolved "https://npm.nos.to/@nosto%2fnosto-react/-/nosto-react-2.0.0.tgz#e58c186fcf529f2bb5ddd9697980d8affa98886a"
  integrity sha512-Zsh/DZc+D141ggDdlvxxCkTnCdQ7WD46hu3avotGJTNS/sdhpyimTCc6TP88CtAYyX7aexDzHCvKD1eBpyyaRg==

js-sha256@^0.11.0:
  version "0.11.0"
  resolved "https://npm.nos.to/js-sha256/-/js-sha256-0.11.0.tgz#256a921d9292f7fe98905face82e367abaca9576"
  integrity sha512-6xNlKayMZvds9h1Y1VWc0fQHQ82BxTXizWPEtEeGvmOUYpBRy4gbWroHLpzowe6xiQhHpelCQiE7HEdznyBL9Q==
