# THIS IS AN AUTOGENERATED FILE. DO NOT EDIT THIS FILE DIRECTLY.
# yarn lockfile v1


"@nosto/nosto-react@^2.2.2":
  version "2.2.2"
  resolved "https://npm.nos.to/@nosto%2fnosto-react/-/nosto-react-2.2.2.tgz#bd70dba325abc6126b9b7bc4ac79b6aec6e25d1f"
  integrity sha512-QQ8Lmrgz7iEKPne6r+GejIBQGx3IdY/95gRtPCvIIwWUa304KSCg0fgM0bHADfminTnUYmU5OmKon/SjIEpgiQ==

crypto-es@^2.1.0:
  version "2.1.0"
  resolved "https://npm.nos.to/crypto-es/-/crypto-es-2.1.0.tgz"
  integrity sha512-C5Dbuv4QTPGuloy5c5Vv/FZHtmK+lobLAypFfuRaBbwCsk3qbCWWESCH3MUcBsrgXloRNMrzwUAiPg4U6+IaKA==
